
Microsoft Visual Studio Solution File, Format Version 12.00
# Visual Studio 2013
VisualStudioVersion = 12.0.30501.0
MinimumVisualStudioVersion = 10.0.40219.1
Project("{FAE04EC0-301F-11D3-BF4B-00C04F79EFBC}") = "BlackJack2", "BlackJack2\BlackJack2.csproj", "{EC26BC58-F913-4826-A8AA-B8B1BD2C420A}"
EndProject
Project("{FAE04EC0-301F-11D3-BF4B-00C04F79EFBC}") = "UnitTests", "UnitTests\UnitTests.csproj", "{C4E50E07-BF9C-48B2-A193-544939DBAFDE}"
EndProject
Global
	GlobalSection(SolutionConfigurationPlatforms) = preSolution
		Debug|Any CPU = Debug|Any CPU
		Release|Any CPU = Release|Any CPU
	EndGlobalSection
	GlobalSection(ProjectConfigurationPlatforms) = postSolution
		{EC26BC58-F913-4826-A8AA-B8B1BD2C420A}.Debug|Any CPU.ActiveCfg = Debug|Any CPU
		{EC26BC58-F913-4826-A8AA-B8B1BD2C420A}.Debug|Any CPU.Build.0 = Debug|Any CPU
		{EC26BC58-F913-4826-A8AA-B8B1BD2C420A}.Release|Any CPU.ActiveCfg = Release|Any CPU
		{EC26BC58-F913-4826-A8AA-B8B1BD2C420A}.Release|Any CPU.Build.0 = Release|Any CPU
		{C4E50E07-BF9C-48B2-A193-544939DBAFDE}.Debug|Any CPU.ActiveCfg = Debug|Any CPU
		{C4E50E07-BF9C-48B2-A193-544939DBAFDE}.Debug|Any CPU.Build.0 = Debug|Any CPU
		{C4E50E07-BF9C-48B2-A193-544939DBAFDE}.Release|Any CPU.ActiveCfg = Release|Any CPU
		{C4E50E07-BF9C-48B2-A193-544939DBAFDE}.Release|Any CPU.Build.0 = Release|Any CPU
	EndGlobalSection
	GlobalSection(SolutionProperties) = preSolution
		HideSolutionNode = FALSE
	EndGlobalSection
EndGlobal
